
Microsoft Visual Studio Solution File, Format Version 12.00
# Visual Studio Version 16
VisualStudioVersion = 16.0.29519.87
MinimumVisualStudioVersion = 10.0.40219.1
Project("{FAE04EC0-301F-11D3-BF4B-00C04F79EFBC}") = "AdventOfCode2", "AdventOfCode2\AdventOfCode2.csproj", "{639D6123-ED38-46E1-902A-62E891EF3032}"
EndProject
Global
	GlobalSection(SolutionConfigurationPlatforms) = preSolution
		Debug|Any CPU = Debug|Any CPU
		Release|Any CPU = Release|Any CPU
	EndGlobalSection
	GlobalSection(ProjectConfigurationPlatforms) = postSolution
		{639D6123-ED38-46E1-902A-62E891EF3032}.Debug|Any CPU.ActiveCfg = Debug|Any CPU
		{639D6123-ED38-46E1-902A-62E891EF3032}.Debug|Any CPU.Build.0 = Debug|Any CPU
		{639D6123-ED38-46E1-902A-62E891EF3032}.Release|Any CPU.ActiveCfg = Release|Any CPU
		{639D6123-ED38-46E1-902A-62E891EF3032}.Release|Any CPU.Build.0 = Release|Any CPU
	EndGlobalSection
	GlobalSection(SolutionProperties) = preSolution
		HideSolutionNode = FALSE
	EndGlobalSection
	GlobalSection(ExtensibilityGlobals) = postSolution
		SolutionGuid = {FD584862-6C49-4729-B91D-2AB2E0812166}
	EndGlobalSection
EndGlobal
